
Microsoft Visual Studio Solution File, Format Version 12.00
# Visual Studio Version 17
VisualStudioVersion = 17.13.35913.81 d17.13
MinimumVisualStudioVersion = 10.0.40219.1
Project("{FAE04EC0-301F-11D3-BF4B-00C04F79EFBC}") = "CashierApplication", "CashierApplication\CashierApplication.csproj", "{6C5AECE7-C295-434F-A6AA-3747860CC9B4}"
EndProject
Global
	GlobalSection(SolutionConfigurationPlatforms) = preSolution
		Debug|Any CPU = Debug|Any CPU
		Release|Any CPU = Release|Any CPU
	EndGlobalSection
	GlobalSection(ProjectConfigurationPlatforms) = postSolution
		{6C5AECE7-C295-434F-A6AA-3747860CC9B4}.Debug|Any CPU.ActiveCfg = Debug|Any CPU
		{6C5AECE7-C295-434F-A6AA-3747860CC9B4}.Debug|Any CPU.Build.0 = Debug|Any CPU
		{6C5AECE7-C295-434F-A6AA-3747860CC9B4}.Release|Any CPU.ActiveCfg = Release|Any CPU
		{6C5AECE7-C295-434F-A6AA-3747860CC9B4}.Release|Any CPU.Build.0 = Release|Any CPU
	EndGlobalSection
	GlobalSection(SolutionProperties) = preSolution
		HideSolutionNode = FALSE
	EndGlobalSection
	GlobalSection(ExtensibilityGlobals) = postSolution
		SolutionGuid = {BECDC932-FE66-4FC2-99B7-DE53174E1010}
	EndGlobalSection
EndGlobal
